// !$*UTF8*$!
{
	archiveVersion = 1;
	classes = {
	};
	objectVersion = 46;
	objects = {

/* Begin PBXBuildFile section */
		72BB0C571D7B1F4900E5454D /* AppDelegate.swift in Sources */ = {isa = PBXBuildFile; fileRef = 72BB0C561D7B1F4900E5454D /* AppDelegate.swift */; };
		72BB0C591D7B1F4900E5454D /* ViewController.swift in Sources */ = {isa = PBXBuildFile; fileRef = 72BB0C581D7B1F4900E5454D /* ViewController.swift */; };
		72BB0C5C1D7B1F4900E5454D /* Main.storyboard in Resources */ = {isa = PBXBuildFile; fileRef = 72BB0C5A1D7B1F4900E5454D /* Main.storyboard */; };
		72BB0C5E1D7B1F4900E5454D /* Assets.xcassets in Resources */ = {isa = PBXBuildFile; fileRef = 72BB0C5D1D7B1F4900E5454D /* Assets.xcassets */; };
		72BB0C611D7B1F4900E5454D /* LaunchScreen.storyboard in Resources */ = {isa = PBXBuildFile; fileRef = 72BB0C5F1D7B1F4900E5454D /* LaunchScreen.storyboard */; };
		72BB0C691D7B1F5A00E5454D /* KeyboardViewController.swift in Sources */ = {isa = PBXBuildFile; fileRef = 72BB0C681D7B1F5A00E5454D /* KeyboardViewController.swift */; };
/* End PBXBuildFile section */

/* Begin PBXFileReference section */
		72BB0C531D7B1F4900E5454D /* KeyboardViewController.app */ = {isa = PBXFileReference; explicitFileType = wrapper.application; includeInIndex = 0; path = KeyboardViewController.app; sourceTree = BUILT_PRODUCTS_DIR; };
		72BB0C561D7B1F4900E5454D /* AppDelegate.swift */ = {isa = PBXFileReference; lastKnownFileType = sourcecode.swift; path = AppDelegate.swift; sourceTree = "<group>"; };
		72BB0C581D7B1F4900E5454D /* ViewController.swift */ = {isa = PBXFileReference; lastKnownFileType = sourcecode.swift; path = ViewController.swift; sourceTree = "<group>"; };
		72BB0C5B1D7B1F4900E5454D /* Base */ = {isa = PBXFileReference; lastKnownFileType = file.storyboard; name = Base; path = Base.lproj/Main.storyboard; sourceTree = "<group>"; };
		72BB0C5D1D7B1F4900E5454D /* Assets.xcassets */ = {isa = PBXFileReference; lastKnownFileType = folder.assetcatalog; path = Assets.xcassets; sourceTree = "<group>"; };
		72BB0C601D7B1F4900E5454D /* Base */ = {isa = PBXFileReference; lastKnownFileType = file.storyboard; name = Base; path = Base.lproj/LaunchScreen.storyboard; sourceTree = "<group>"; };
		72BB0C621D7B1F4900E5454D /* Info.plist */ = {isa = PBXFileReference; lastKnownFileType = text.plist.xml; path = Info.plist; sourceTree = "<group>"; };
		72BB0C681D7B1F5A00E5454D /* KeyboardViewController.swift */ = {isa = PBXFileReference; fileEncoding = 4; lastKnownFileType = sourcecode.swift; path = KeyboardViewController.swift; sourceTree = "<group>"; };
/* End PBXFileReference section */

/* Begin PBXFrameworksBuildPhase section */
		72BB0C501D7B1F4900E5454D /* Frameworks */ = {
			isa = PBXFrameworksBuildPhase;
			buildActionMask = 2147483647;
			files = (
			);
			runOnlyForDeploymentPostprocessing = 0;
		};
/* End PBXFrameworksBuildPhase section */

/* Begin PBXGroup section */
		72BB0C4A1D7B1F4800E5454D = {
			isa = PBXGroup;
			children = (
				72BB0C551D7B1F4900E5454D /* KeyboardViewController */,
				72BB0C541D7B1F4900E5454D /* Products */,
			);
			sourceTree = "<group>";
		};
		72BB0C541D7B1F4900E5454D /* Products */ = {
			isa = PBXGroup;
			children = (
				72BB0C531D7B1F4900E5454D /* KeyboardViewController.app */,
			);
			name = Products;
			sourceTree = "<group>";
		};
		72BB0C551D7B1F4900E5454D /* KeyboardViewController */ = {
			isa = PBXGroup;
			children = (
				72BB0C561D7B1F4900E5454D /* AppDelegate.swift */,
				72BB0C581D7B1F4900E5454D /* ViewController.swift */,
				72BB0C5A1D7B1F4900E5454D /* Main.storyboard */,
				72BB0C5D1D7B1F4900E5454D /* Assets.xcassets */,
				72BB0C5F1D7B1F4900E5454D /* LaunchScreen.storyboard */,
				72BB0C621D7B1F4900E5454D /* Info.plist */,
				72BB0C681D7B1F5A00E5454D /* KeyboardViewController.swift */,
			);
			path = KeyboardViewController;
			sourceTree = "<group>";
		};
/* End PBXGroup section */

/* Begin PBXNativeTarget section */
		72BB0C521D7B1F4900E5454D /* KeyboardViewController */ = {
			isa = PBXNativeTarget;
			buildConfigurationList = 72BB0C651D7B1F4900E5454D /* Build configuration list for PBXNativeTarget "KeyboardViewController" */;
			buildPhases = (
				72BB0C4F1D7B1F4900E5454D /* Sources */,
				72BB0C501D7B1F4900E5454D /* Frameworks */,
				72BB0C511D7B1F4900E5454D /* Resources */,
			);
			buildRules = (
			);
			dependencies = (
			);
			name = KeyboardViewController;
			productName = KeyboardViewController;
			productReference = 72BB0C531D7B1F4900E5454D /* KeyboardViewController.app */;
			productType = "com.apple.product-type.application";
		};
/* End PBXNativeTarget section */

/* Begin PBXProject section */
		72BB0C4B1D7B1F4800E5454D /* Project object */ = {
			isa = PBXProject;
			attributes = {
				LastSwiftUpdateCheck = 0800;
				LastUpgradeCheck = 0800;
				ORGANIZATIONNAME = "Dan Beaulieu";
				TargetAttributes = {
					72BB0C521D7B1F4900E5454D = {
						CreatedOnToolsVersion = 8.0;
						DevelopmentTeam = A37RV5JQQG;
						ProvisioningStyle = Automatic;
					};
				};
			};
			buildConfigurationList = 72BB0C4E1D7B1F4800E5454D /* Build configuration list for PBXProject "KeyboardViewController" */;
			compatibilityVersion = "Xcode 3.2";
			developmentRegion = English;
			hasScannedForEncodings = 0;
			knownRegions = (
				en,
				Base,
			);
			mainGroup = 72BB0C4A1D7B1F4800E5454D;
			productRefGroup = 72BB0C541D7B1F4900E5454D /* Products */;
			projectDirPath = "";
			projectRoot = "";
			targets = (
				72BB0C521D7B1F4900E5454D /* KeyboardViewController */,
			);
		};
/* End PBXProject section */

/* Begin PBXResourcesBuildPhase section */
		72BB0C511D7B1F4900E5454D /* Resources */ = {
			isa = PBXResourcesBuildPhase;
			buildActionMask = 2147483647;
			files = (
				72BB0C611D7B1F4900E5454D /* LaunchScreen.storyboard in Resources */,
				72BB0C5E1D7B1F4900E5454D /* Assets.xcassets in Resources */,
				72BB0C5C1D7B1F4900E5454D /* Main.storyboard in Resources */,
			);
			runOnlyForDeploymentPostprocessing = 0;
		};
/* End PBXResourcesBuildPhase section */

/* Begin PBXSourcesBuildPhase section */
		72BB0C4F1D7B1F4900E5454D /* Sources */ = {
			isa = PBXSourcesBuildPhase;
			buildActionMask = 2147483647;
			files = (
				72BB0C591D7B1F4900E5454D /* ViewController.swift in Sources */,
				72BB0C691D7B1F5A00E5454D /* KeyboardViewController.swift in Sources */,
				72BB0C571D7B1F4900E5454D /* AppDelegate.swift in Sources */,
			);
			runOnlyForDeploymentPostprocessing = 0;
		};
/* End PBXSourcesBuildPhase section */

/* Begin PBXVariantGroup section */
		72BB0C5A1D7B1F4900E5454D /* Main.storyboard */ = {
			isa = PBXVariantGroup;
			children = (
				72BB0C5B1D7B1F4900E5454D /* Base */,
			);
			name = Main.storyboard;
			sourceTree = "<group>";
		};
		72BB0C5F1D7B1F4900E5454D /* LaunchScreen.storyboard */ = {
			isa = PBXVariantGroup;
			children = (
				72BB0C601D7B1F4900E5454D /* Base */,
			);
			name = LaunchScreen.storyboard;
			sourceTree = "<group>";
		};
/* End PBXVariantGroup section */

/* Begin XCBuildConfiguration section */
		72BB0C631D7B1F4900E5454D /* Debug */ = {
			isa = XCBuildConfiguration;
			buildSettings = {
				ALWAYS_SEARCH_USER_PATHS = NO;
				CLANG_ANALYZER_NONNULL = YES;
				CLANG_CXX_LANGUAGE_STANDARD = "gnu++0x";
				CLANG_CXX_LIBRARY = "libc++";
				CLANG_ENABLE_MODULES = YES;
				CLANG_ENABLE_OBJC_ARC = YES;
				CLANG_WARN_BOOL_CONVERSION = YES;
				CLANG_WARN_CONSTANT_CONVERSION = YES;
				CLANG_WARN_DIRECT_OBJC_ISA_USAGE = YES_ERROR;
				CLANG_WARN_DOCUMENTATION_COMMENTS = YES;
				CLANG_WARN_EMPTY_BODY = YES;
				CLANG_WARN_ENUM_CONVERSION = YES;
				CLANG_WARN_INFINITE_RECURSION = YES;
				CLANG_WARN_INT_CONVERSION = YES;
				CLANG_WARN_OBJC_ROOT_CLASS = YES_ERROR;
				CLANG_WARN_SUSPICIOUS_MOVES = YES;
				CLANG_WARN_UNREACHABLE_CODE = YES;
				CLANG_WARN__DUPLICATE_METHOD_MATCH = YES;
				"CODE_SIGN_IDENTITY[sdk=iphoneos*]" = "iPhone Developer";
				COPY_PHASE_STRIP = NO;
				DEBUG_INFORMATION_FORMAT = dwarf;
				ENABLE_STRICT_OBJC_MSGSEND = YES;
				ENABLE_TESTABILITY = YES;
				GCC_C_LANGUAGE_STANDARD = gnu99;
				GCC_DYNAMIC_NO_PIC = NO;
				GCC_NO_COMMON_BLOCKS = YES;
				GCC_OPTIMIZATION_LEVEL = 0;
				GCC_PREPROCESSOR_DEFINITIONS = (
					"DEBUG=1",
					"$(inherited)",
				);
				GCC_WARN_64_TO_32_BIT_CONVERSION = YES;
				GCC_WARN_ABOUT_RETURN_TYPE = YES_ERROR;
				GCC_WARN_UNDECLARED_SELECTOR = YES;
				GCC_WARN_UNINITIALIZED_AUTOS = YES_AGGRESSIVE;
				GCC_WARN_UNUSED_FUNCTION = YES;
				GCC_WARN_UNUSED_VARIABLE = YES;
				IPHONEOS_DEPLOYMENT_TARGET = 10.0;
				MTL_ENABLE_DEBUG_INFO = YES;
				ONLY_ACTIVE_ARCH = YES;
				SDKROOT = iphoneos;
				SWIFT_ACTIVE_COMPILATION_CONDITIONS = DEBUG;
				SWIFT_OPTIMIZATION_LEVEL = "-Onone";
			};
			name = Debug;
		};
		72BB0C641D7B1F4900E5454D /* Release */ = {
			isa = XCBuildConfiguration;
			buildSettings = {
				ALWAYS_SEARCH_USER_PATHS = NO;
				CLANG_ANALYZER_NONNULL = YES;
				CLANG_CXX_LANGUAGE_STANDARD = "gnu++0x";
				CLANG_CXX_LIBRARY = "libc++";
				CLANG_ENABLE_MODULES = YES;
				CLANG_ENABLE_OBJC_ARC = YES;
				CLANG_WARN_BOOL_CONVERSION = YES;
				CLANG_WARN_CONSTANT_CONVERSION = YES;
				CLANG_WARN_DIRECT_OBJC_ISA_USAGE = YES_ERROR;
				CLANG_WARN_DOCUMENTATION_COMMENTS = YES;
				CLANG_WARN_EMPTY_BODY = YES;
				CLANG_WARN_ENUM_CONVERSION = YES;
				CLANG_WARN_INFINITE_RECURSION = YES;
				CLANG_WARN_INT_CONVERSION = YES;
				CLANG_WARN_OBJC_ROOT_CLASS = YES_ERROR;
				CLANG_WARN_SUSPICIOUS_MOVES = YES;
				CLANG_WARN_UNREACHABLE_CODE = YES;
				CLANG_WARN__DUPLICATE_METHOD_MATCH = YES;
				"CODE_SIGN_IDENTITY[sdk=iphoneos*]" = "iPhone Developer";
				COPY_PHASE_STRIP = NO;
				DEBUG_INFORMATION_FORMAT = "dwarf-with-dsym";
				ENABLE_NS_ASSERTIONS = NO;
				ENABLE_STRICT_OBJC_MSGSEND = YES;
				GCC_C_LANGUAGE_STANDARD = gnu99;
				GCC_NO_COMMON_BLOCKS = YES;
				GCC_WARN_64_TO_32_BIT_CONVERSION = YES;
				GCC_WARN_ABOUT_RETURN_TYPE = YES_ERROR;
				GCC_WARN_UNDECLARED_SELECTOR = YES;
				GCC_WARN_UNINITIALIZED_AUTOS = YES_AGGRESSIVE;
				GCC_WARN_UNUSED_FUNCTION = YES;
				GCC_WARN_UNUSED_VARIABLE = YES;
				IPHONEOS_DEPLOYMENT_TARGET = 10.0;
				MTL_ENABLE_DEBUG_INFO = NO;
				SDKROOT = iphoneos;
				SWIFT_OPTIMIZATION_LEVEL = "-Owholemodule";
				VALIDATE_PRODUCT = YES;
			};
			name = Release;
		};
		72BB0C661D7B1F4900E5454D /* Debug */ = {
			isa = XCBuildConfiguration;
			buildSettings = {
				ASSETCATALOG_COMPILER_APPICON_NAME = AppIcon;
				DEVELOPMENT_TEAM = A37RV5JQQG;
				INFOPLIST_FILE = KeyboardViewController/Info.plist;
				LD_RUNPATH_SEARCH_PATHS = "$(inherited) @executable_path/Frameworks";
				PRODUCT_BUNDLE_IDENTIFIER = com.codebeaulieu.KeyboardViewController;
				PRODUCT_NAME = "$(TARGET_NAME)";
				SWIFT_VERSION = 3.0;
			};
			name = Debug;
		};
		72BB0C671D7B1F4900E5454D /* Release */ = {
			isa = XCBuildConfiguration;
			buildSettings = {
				ASSETCATALOG_COMPILER_APPICON_NAME = AppIcon;
				DEVELOPMENT_TEAM = A37RV5JQQG;
				INFOPLIST_FILE = KeyboardViewController/Info.plist;
				LD_RUNPATH_SEARCH_PATHS = "$(inherited) @executable_path/Frameworks";
				PRODUCT_BUNDLE_IDENTIFIER = com.codebeaulieu.KeyboardViewController;
				PRODUCT_NAME = "$(TARGET_NAME)";
				SWIFT_VERSION = 3.0;
			};
			name = Release;
		};
/* End XCBuildConfiguration section */

/* Begin XCConfigurationList section */
		72BB0C4E1D7B1F4800E5454D /* Build configuration list for PBXProject "KeyboardViewController" */ = {
			isa = XCConfigurationList;
			buildConfigurations = (
				72BB0C631D7B1F4900E5454D /* Debug */,
				72BB0C641D7B1F4900E5454D /* Release */,
			);
			defaultConfigurationIsVisible = 0;
			defaultConfigurationName = Release;
		};
		72BB0C651D7B1F4900E5454D /* Build configuration list for PBXNativeTarget "KeyboardViewController" */ = {
			isa = XCConfigurationList;
			buildConfigurations = (
				72BB0C661D7B1F4900E5454D /* Debug */,
				72BB0C671D7B1F4900E5454D /* Release */,
			);
			defaultConfigurationIsVisible = 0;
		};
/* End XCConfigurationList section */
	};
	rootObject = 72BB0C4B1D7B1F4800E5454D /* Project object */;
}
